// !$*UTF8*$!
{
	archiveVersion = 1;
	classes = {
	};
	objectVersion = 46;
	objects = {

/* Begin PBXBuildFile section */
		4B211E391C5A4D87006F1FE4 /* main.m in Sources */ = {isa = PBXBuildFile; fileRef = 4B211E381C5A4D87006F1FE4 /* main.m */; };
		4B211E3C1C5A4D87006F1FE4 /* AppDelegate.m in Sources */ = {isa = PBXBuildFile; fileRef = 4B211E3B1C5A4D87006F1FE4 /* AppDelegate.m */; };
		4B211E3F1C5A4D87006F1FE4 /* ViewController.m in Sources */ = {isa = PBXBuildFile; fileRef = 4B211E3E1C5A4D87006F1FE4 /* ViewController.m */; };
		4B211E421C5A4D87006F1FE4 /* Main.storyboard in Resources */ = {isa = PBXBuildFile; fileRef = 4B211E401C5A4D87006F1FE4 /* Main.storyboard */; };
		4B211E441C5A4D87006F1FE4 /* Assets.xcassets in Resources */ = {isa = PBXBuildFile; fileRef = 4B211E431C5A4D87006F1FE4 /* Assets.xcassets */; };
		4B211E471C5A4D87006F1FE4 /* LaunchScreen.storyboard in Resources */ = {isa = PBXBuildFile; fileRef = 4B211E451C5A4D87006F1FE4 /* LaunchScreen.storyboard */; };
		4B211E501C5A4DD2006F1FE4 /* UIView+Quadrilateral.m in Sources */ = {isa = PBXBuildFile; fileRef = 4B211E4F1C5A4DD2006F1FE4 /* UIView+Quadrilateral.m */; };
		4B211E521C5A4E11006F1FE4 /* with-quadrilateral.jpg in Resources */ = {isa = PBXBuildFile; fileRef = 4B211E511C5A4E11006F1FE4 /* with-quadrilateral.jpg */; };
		4B211E541C5A4F3A006F1FE4 /* controlpoint.png in Resources */ = {isa = PBXBuildFile; fileRef = 4B211E531C5A4F3A006F1FE4 /* controlpoint.png */; };
		4BA43F591C5A531C003917DA /* DemoViewController.swift in Sources */ = {isa = PBXBuildFile; fileRef = 4BA43F581C5A531C003917DA /* DemoViewController.swift */; };
		4BA43F5C1C5A5AA5003917DA /* UIImageView+CoordinateTransform.m in Sources */ = {isa = PBXBuildFile; fileRef = 4BA43F5B1C5A5AA5003917DA /* UIImageView+CoordinateTransform.m */; };
		4BA43F5F1C5A5D73003917DA /* PlacementViewController.m in Sources */ = {isa = PBXBuildFile; fileRef = 4BA43F5E1C5A5D73003917DA /* PlacementViewController.m */; };
		4BEDDFF21C5A525D009CC3BA /* Quadrilateral.swift in Sources */ = {isa = PBXBuildFile; fileRef = 4BEDDFF11C5A525D009CC3BA /* Quadrilateral.swift */; };
/* End PBXBuildFile section */

/* Begin PBXFileReference section */
		4B211E341C5A4D87006F1FE4 /* simpleQuad.app */ = {isa = PBXFileReference; explicitFileType = wrapper.application; includeInIndex = 0; path = simpleQuad.app; sourceTree = BUILT_PRODUCTS_DIR; };
		4B211E381C5A4D87006F1FE4 /* main.m */ = {isa = PBXFileReference; lastKnownFileType = sourcecode.c.objc; path = main.m; sourceTree = "<group>"; };
		4B211E3A1C5A4D87006F1FE4 /* AppDelegate.h */ = {isa = PBXFileReference; lastKnownFileType = sourcecode.c.h; path = AppDelegate.h; sourceTree = "<group>"; };
		4B211E3B1C5A4D87006F1FE4 /* AppDelegate.m */ = {isa = PBXFileReference; lastKnownFileType = sourcecode.c.objc; path = AppDelegate.m; sourceTree = "<group>"; };
		4B211E3D1C5A4D87006F1FE4 /* ViewController.h */ = {isa = PBXFileReference; lastKnownFileType = sourcecode.c.h; path = ViewController.h; sourceTree = "<group>"; };
		4B211E3E1C5A4D87006F1FE4 /* ViewController.m */ = {isa = PBXFileReference; lastKnownFileType = sourcecode.c.objc; path = ViewController.m; sourceTree = "<group>"; };
		4B211E411C5A4D87006F1FE4 /* Base */ = {isa = PBXFileReference; lastKnownFileType = file.storyboard; name = Base; path = Base.lproj/Main.storyboard; sourceTree = "<group>"; };
		4B211E431C5A4D87006F1FE4 /* Assets.xcassets */ = {isa = PBXFileReference; lastKnownFileType = folder.assetcatalog; path = Assets.xcassets; sourceTree = "<group>"; };
		4B211E461C5A4D87006F1FE4 /* Base */ = {isa = PBXFileReference; lastKnownFileType = file.storyboard; name = Base; path = Base.lproj/LaunchScreen.storyboard; sourceTree = "<group>"; };
		4B211E481C5A4D87006F1FE4 /* Info.plist */ = {isa = PBXFileReference; lastKnownFileType = text.plist.xml; path = Info.plist; sourceTree = "<group>"; };
		4B211E4E1C5A4DD2006F1FE4 /* UIView+Quadrilateral.h */ = {isa = PBXFileReference; fileEncoding = 4; lastKnownFileType = sourcecode.c.h; path = "UIView+Quadrilateral.h"; sourceTree = "<group>"; };
		4B211E4F1C5A4DD2006F1FE4 /* UIView+Quadrilateral.m */ = {isa = PBXFileReference; fileEncoding = 4; lastKnownFileType = sourcecode.c.objc; path = "UIView+Quadrilateral.m"; sourceTree = "<group>"; };
		4B211E511C5A4E11006F1FE4 /* with-quadrilateral.jpg */ = {isa = PBXFileReference; lastKnownFileType = image.jpeg; path = "with-quadrilateral.jpg"; sourceTree = "<group>"; };
		4B211E531C5A4F3A006F1FE4 /* controlpoint.png */ = {isa = PBXFileReference; lastKnownFileType = image.png; path = controlpoint.png; sourceTree = "<group>"; };
		4BA43F581C5A531C003917DA /* DemoViewController.swift */ = {isa = PBXFileReference; fileEncoding = 4; lastKnownFileType = sourcecode.swift; path = DemoViewController.swift; sourceTree = "<group>"; };
		4BA43F5A1C5A5AA5003917DA /* UIImageView+CoordinateTransform.h */ = {isa = PBXFileReference; fileEncoding = 4; lastKnownFileType = sourcecode.c.h; path = "UIImageView+CoordinateTransform.h"; sourceTree = "<group>"; };
		4BA43F5B1C5A5AA5003917DA /* UIImageView+CoordinateTransform.m */ = {isa = PBXFileReference; fileEncoding = 4; lastKnownFileType = sourcecode.c.objc; path = "UIImageView+CoordinateTransform.m"; sourceTree = "<group>"; };
		4BA43F5D1C5A5D73003917DA /* PlacementViewController.h */ = {isa = PBXFileReference; fileEncoding = 4; lastKnownFileType = sourcecode.c.h; path = PlacementViewController.h; sourceTree = "<group>"; };
		4BA43F5E1C5A5D73003917DA /* PlacementViewController.m */ = {isa = PBXFileReference; fileEncoding = 4; lastKnownFileType = sourcecode.c.objc; path = PlacementViewController.m; sourceTree = "<group>"; };
		4BEDDFF01C5A525C009CC3BA /* simpleQuad-Bridging-Header.h */ = {isa = PBXFileReference; lastKnownFileType = sourcecode.c.h; path = "simpleQuad-Bridging-Header.h"; sourceTree = "<group>"; };
		4BEDDFF11C5A525D009CC3BA /* Quadrilateral.swift */ = {isa = PBXFileReference; fileEncoding = 4; lastKnownFileType = sourcecode.swift; path = Quadrilateral.swift; sourceTree = "<group>"; };
/* End PBXFileReference section */

/* Begin PBXFrameworksBuildPhase section */
		4B211E311C5A4D87006F1FE4 /* Frameworks */ = {
			isa = PBXFrameworksBuildPhase;
			buildActionMask = 2147483647;
			files = (
			);
			runOnlyForDeploymentPostprocessing = 0;
		};
/* End PBXFrameworksBuildPhase section */

/* Begin PBXGroup section */
		4B211E2B1C5A4D87006F1FE4 = {
			isa = PBXGroup;
			children = (
				4B211E361C5A4D87006F1FE4 /* simpleQuad */,
				4B211E351C5A4D87006F1FE4 /* Products */,
			);
			sourceTree = "<group>";
		};
		4B211E351C5A4D87006F1FE4 /* Products */ = {
			isa = PBXGroup;
			children = (
				4B211E341C5A4D87006F1FE4 /* simpleQuad.app */,
			);
			name = Products;
			sourceTree = "<group>";
		};
		4B211E361C5A4D87006F1FE4 /* simpleQuad */ = {
			isa = PBXGroup;
			children = (
				4BEDDFF11C5A525D009CC3BA /* Quadrilateral.swift */,
				4B211E3A1C5A4D87006F1FE4 /* AppDelegate.h */,
				4B211E4E1C5A4DD2006F1FE4 /* UIView+Quadrilateral.h */,
				4B211E4F1C5A4DD2006F1FE4 /* UIView+Quadrilateral.m */,
				4B211E3B1C5A4D87006F1FE4 /* AppDelegate.m */,
				4BA43F581C5A531C003917DA /* DemoViewController.swift */,
				4BA43F5A1C5A5AA5003917DA /* UIImageView+CoordinateTransform.h */,
				4BA43F5B1C5A5AA5003917DA /* UIImageView+CoordinateTransform.m */,
				4B211E3D1C5A4D87006F1FE4 /* ViewController.h */,
				4BA43F5D1C5A5D73003917DA /* PlacementViewController.h */,
				4BA43F5E1C5A5D73003917DA /* PlacementViewController.m */,
				4B211E3E1C5A4D87006F1FE4 /* ViewController.m */,
				4B211E401C5A4D87006F1FE4 /* Main.storyboard */,
				4B211E431C5A4D87006F1FE4 /* Assets.xcassets */,
				4B211E531C5A4F3A006F1FE4 /* controlpoint.png */,
				4B211E451C5A4D87006F1FE4 /* LaunchScreen.storyboard */,
				4B211E511C5A4E11006F1FE4 /* with-quadrilateral.jpg */,
				4B211E481C5A4D87006F1FE4 /* Info.plist */,
				4B211E371C5A4D87006F1FE4 /* Supporting Files */,
				4BEDDFF01C5A525C009CC3BA /* simpleQuad-Bridging-Header.h */,
			);
			path = simpleQuad;
			sourceTree = "<group>";
		};
		4B211E371C5A4D87006F1FE4 /* Supporting Files */ = {
			isa = PBXGroup;
			children = (
				4B211E381C5A4D87006F1FE4 /* main.m */,
			);
			name = "Supporting Files";
			sourceTree = "<group>";
		};
/* End PBXGroup section */

/* Begin PBXNativeTarget section */
		4B211E331C5A4D87006F1FE4 /* simpleQuad */ = {
			isa = PBXNativeTarget;
			buildConfigurationList = 4B211E4B1C5A4D87006F1FE4 /* Build configuration list for PBXNativeTarget "simpleQuad" */;
			buildPhases = (
				4B211E301C5A4D87006F1FE4 /* Sources */,
				4B211E311C5A4D87006F1FE4 /* Frameworks */,
				4B211E321C5A4D87006F1FE4 /* Resources */,
			);
			buildRules = (
			);
			dependencies = (
			);
			name = simpleQuad;
			productName = simpleQuad;
			productReference = 4B211E341C5A4D87006F1FE4 /* simpleQuad.app */;
			productType = "com.apple.product-type.application";
		};
/* End PBXNativeTarget section */

/* Begin PBXProject section */
		4B211E2C1C5A4D87006F1FE4 /* Project object */ = {
			isa = PBXProject;
			attributes = {
				LastUpgradeCheck = 0730;
				ORGANIZATIONNAME = "Flowering Dahlia";
				TargetAttributes = {
					4B211E331C5A4D87006F1FE4 = {
						CreatedOnToolsVersion = 7.3;
					};
				};
			};
			buildConfigurationList = 4B211E2F1C5A4D87006F1FE4 /* Build configuration list for PBXProject "simpleQuad" */;
			compatibilityVersion = "Xcode 3.2";
			developmentRegion = English;
			hasScannedForEncodings = 0;
			knownRegions = (
				en,
				Base,
			);
			mainGroup = 4B211E2B1C5A4D87006F1FE4;
			productRefGroup = 4B211E351C5A4D87006F1FE4 /* Products */;
			projectDirPath = "";
			projectRoot = "";
			targets = (
				4B211E331C5A4D87006F1FE4 /* simpleQuad */,
			);
		};
/* End PBXProject section */

/* Begin PBXResourcesBuildPhase section */
		4B211E321C5A4D87006F1FE4 /* Resources */ = {
			isa = PBXResourcesBuildPhase;
			buildActionMask = 2147483647;
			files = (
				4B211E471C5A4D87006F1FE4 /* LaunchScreen.storyboard in Resources */,
				4B211E521C5A4E11006F1FE4 /* with-quadrilateral.jpg in Resources */,
				4B211E441C5A4D87006F1FE4 /* Assets.xcassets in Resources */,
				4B211E421C5A4D87006F1FE4 /* Main.storyboard in Resources */,
				4B211E541C5A4F3A006F1FE4 /* controlpoint.png in Resources */,
			);
			runOnlyForDeploymentPostprocessing = 0;
		};
/* End PBXResourcesBuildPhase section */

/* Begin PBXSourcesBuildPhase section */
		4B211E301C5A4D87006F1FE4 /* Sources */ = {
			isa = PBXSourcesBuildPhase;
			buildActionMask = 2147483647;
			files = (
				4B211E501C5A4DD2006F1FE4 /* UIView+Quadrilateral.m in Sources */,
				4B211E3F1C5A4D87006F1FE4 /* ViewController.m in Sources */,
				4B211E3C1C5A4D87006F1FE4 /* AppDelegate.m in Sources */,
				4BA43F591C5A531C003917DA /* DemoViewController.swift in Sources */,
				4BA43F5F1C5A5D73003917DA /* PlacementViewController.m in Sources */,
				4B211E391C5A4D87006F1FE4 /* main.m in Sources */,
				4BEDDFF21C5A525D009CC3BA /* Quadrilateral.swift in Sources */,
				4BA43F5C1C5A5AA5003917DA /* UIImageView+CoordinateTransform.m in Sources */,
			);
			runOnlyForDeploymentPostprocessing = 0;
		};
/* End PBXSourcesBuildPhase section */

/* Begin PBXVariantGroup section */
		4B211E401C5A4D87006F1FE4 /* Main.storyboard */ = {
			isa = PBXVariantGroup;
			children = (
				4B211E411C5A4D87006F1FE4 /* Base */,
			);
			name = Main.storyboard;
			sourceTree = "<group>";
		};
		4B211E451C5A4D87006F1FE4 /* LaunchScreen.storyboard */ = {
			isa = PBXVariantGroup;
			children = (
				4B211E461C5A4D87006F1FE4 /* Base */,
			);
			name = LaunchScreen.storyboard;
			sourceTree = "<group>";
		};
/* End PBXVariantGroup section */

/* Begin XCBuildConfiguration section */
		4B211E491C5A4D87006F1FE4 /* Debug */ = {
			isa = XCBuildConfiguration;
			buildSettings = {
				ALWAYS_SEARCH_USER_PATHS = NO;
				CLANG_CXX_LANGUAGE_STANDARD = "gnu++0x";
				CLANG_CXX_LIBRARY = "libc++";
				CLANG_ENABLE_MODULES = YES;
				CLANG_ENABLE_OBJC_ARC = YES;
				CLANG_WARN_BOOL_CONVERSION = YES;
				CLANG_WARN_CONSTANT_CONVERSION = YES;
				CLANG_WARN_DIRECT_OBJC_ISA_USAGE = YES_ERROR;
				CLANG_WARN_EMPTY_BODY = YES;
				CLANG_WARN_ENUM_CONVERSION = YES;
				CLANG_WARN_INT_CONVERSION = YES;
				CLANG_WARN_OBJC_ROOT_CLASS = YES_ERROR;
				CLANG_WARN_UNREACHABLE_CODE = YES;
				CLANG_WARN__DUPLICATE_METHOD_MATCH = YES;
				"CODE_SIGN_IDENTITY[sdk=iphoneos*]" = "iPhone Developer";
				COPY_PHASE_STRIP = NO;
				DEBUG_INFORMATION_FORMAT = dwarf;
				ENABLE_STRICT_OBJC_MSGSEND = YES;
				ENABLE_TESTABILITY = YES;
				GCC_C_LANGUAGE_STANDARD = gnu99;
				GCC_DYNAMIC_NO_PIC = NO;
				GCC_NO_COMMON_BLOCKS = YES;
				GCC_OPTIMIZATION_LEVEL = 0;
				GCC_PREPROCESSOR_DEFINITIONS = (
					"DEBUG=1",
					"$(inherited)",
				);
				GCC_WARN_64_TO_32_BIT_CONVERSION = YES;
				GCC_WARN_ABOUT_RETURN_TYPE = YES_ERROR;
				GCC_WARN_UNDECLARED_SELECTOR = YES;
				GCC_WARN_UNINITIALIZED_AUTOS = YES_AGGRESSIVE;
				GCC_WARN_UNUSED_FUNCTION = YES;
				GCC_WARN_UNUSED_VARIABLE = YES;
				IPHONEOS_DEPLOYMENT_TARGET = 9.3;
				MTL_ENABLE_DEBUG_INFO = YES;
				ONLY_ACTIVE_ARCH = YES;
				SDKROOT = iphoneos;
			};
			name = Debug;
		};
		4B211E4A1C5A4D87006F1FE4 /* Release */ = {
			isa = XCBuildConfiguration;
			buildSettings = {
				ALWAYS_SEARCH_USER_PATHS = NO;
				CLANG_CXX_LANGUAGE_STANDARD = "gnu++0x";
				CLANG_CXX_LIBRARY = "libc++";
				CLANG_ENABLE_MODULES = YES;
				CLANG_ENABLE_OBJC_ARC = YES;
				CLANG_WARN_BOOL_CONVERSION = YES;
				CLANG_WARN_CONSTANT_CONVERSION = YES;
				CLANG_WARN_DIRECT_OBJC_ISA_USAGE = YES_ERROR;
				CLANG_WARN_EMPTY_BODY = YES;
				CLANG_WARN_ENUM_CONVERSION = YES;
				CLANG_WARN_INT_CONVERSION = YES;
				CLANG_WARN_OBJC_ROOT_CLASS = YES_ERROR;
				CLANG_WARN_UNREACHABLE_CODE = YES;
				CLANG_WARN__DUPLICATE_METHOD_MATCH = YES;
				"CODE_SIGN_IDENTITY[sdk=iphoneos*]" = "iPhone Developer";
				COPY_PHASE_STRIP = NO;
				DEBUG_INFORMATION_FORMAT = "dwarf-with-dsym";
				ENABLE_NS_ASSERTIONS = NO;
				ENABLE_STRICT_OBJC_MSGSEND = YES;
				GCC_C_LANGUAGE_STANDARD = gnu99;
				GCC_NO_COMMON_BLOCKS = YES;
				GCC_WARN_64_TO_32_BIT_CONVERSION = YES;
				GCC_WARN_ABOUT_RETURN_TYPE = YES_ERROR;
				GCC_WARN_UNDECLARED_SELECTOR = YES;
				GCC_WARN_UNINITIALIZED_AUTOS = YES_AGGRESSIVE;
				GCC_WARN_UNUSED_FUNCTION = YES;
				GCC_WARN_UNUSED_VARIABLE = YES;
				IPHONEOS_DEPLOYMENT_TARGET = 9.3;
				MTL_ENABLE_DEBUG_INFO = NO;
				SDKROOT = iphoneos;
				VALIDATE_PRODUCT = YES;
			};
			name = Release;
		};
		4B211E4C1C5A4D87006F1FE4 /* Debug */ = {
			isa = XCBuildConfiguration;
			buildSettings = {
				ASSETCATALOG_COMPILER_APPICON_NAME = AppIcon;
				CLANG_ENABLE_MODULES = YES;
				INFOPLIST_FILE = simpleQuad/Info.plist;
				LD_RUNPATH_SEARCH_PATHS = "$(inherited) @executable_path/Frameworks";
				PRODUCT_BUNDLE_IDENTIFIER = "Flowering-Dahlia.simpleQuad";
				PRODUCT_NAME = "$(TARGET_NAME)";
				SWIFT_OBJC_BRIDGING_HEADER = "simpleQuad/simpleQuad-Bridging-Header.h";
				SWIFT_OPTIMIZATION_LEVEL = "-Onone";
			};
			name = Debug;
		};
		4B211E4D1C5A4D87006F1FE4 /* Release */ = {
			isa = XCBuildConfiguration;
			buildSettings = {
				ASSETCATALOG_COMPILER_APPICON_NAME = AppIcon;
				CLANG_ENABLE_MODULES = YES;
				INFOPLIST_FILE = simpleQuad/Info.plist;
				LD_RUNPATH_SEARCH_PATHS = "$(inherited) @executable_path/Frameworks";
				PRODUCT_BUNDLE_IDENTIFIER = "Flowering-Dahlia.simpleQuad";
				PRODUCT_NAME = "$(TARGET_NAME)";
				SWIFT_OBJC_BRIDGING_HEADER = "simpleQuad/simpleQuad-Bridging-Header.h";
			};
			name = Release;
		};
/* End XCBuildConfiguration section */

/* Begin XCConfigurationList section */
		4B211E2F1C5A4D87006F1FE4 /* Build configuration list for PBXProject "simpleQuad" */ = {
			isa = XCConfigurationList;
			buildConfigurations = (
				4B211E491C5A4D87006F1FE4 /* Debug */,
				4B211E4A1C5A4D87006F1FE4 /* Release */,
			);
			defaultConfigurationIsVisible = 0;
			defaultConfigurationName = Release;
		};
		4B211E4B1C5A4D87006F1FE4 /* Build configuration list for PBXNativeTarget "simpleQuad" */ = {
			isa = XCConfigurationList;
			buildConfigurations = (
				4B211E4C1C5A4D87006F1FE4 /* Debug */,
				4B211E4D1C5A4D87006F1FE4 /* Release */,
			);
			defaultConfigurationIsVisible = 0;
			defaultConfigurationName = Release;
		};
/* End XCConfigurationList section */
	};
	rootObject = 4B211E2C1C5A4D87006F1FE4 /* Project object */;
}
